
Microsoft Visual Studio Solution File, Format Version 12.00
# Visual Studio 14
VisualStudioVersion = 14.0.25420.1
MinimumVisualStudioVersion = 10.0.40219.1
Project("{FAE04EC0-301F-11D3-BF4B-00C04F79EFBC}") = "API_TEST", "API_TEST\API_TEST.csproj", "{46E597D7-0961-4B77-8B43-504298C00FFE}"
EndProject
Project("{2150E333-8FDC-42A3-9474-1A3956D46DE8}") = "HOW TO SET UP AND RUN THE APP", "HOW TO SET UP AND RUN THE APP", "{3D410000-DF7D-4909-BAA8-D57D2B98AED1}"
	ProjectSection(SolutionItems) = preProject
		SETUP INSTRUCTIONS.txt = SETUP INSTRUCTIONS.txt
	EndProjectSection
EndProject
Global
	GlobalSection(SolutionConfigurationPlatforms) = preSolution
		Debug|Any CPU = Debug|Any CPU
		Release|Any CPU = Release|Any CPU
	EndGlobalSection
	GlobalSection(ProjectConfigurationPlatforms) = postSolution
		{46E597D7-0961-4B77-8B43-504298C00FFE}.Debug|Any CPU.ActiveCfg = Debug|Any CPU
		{46E597D7-0961-4B77-8B43-504298C00FFE}.Debug|Any CPU.Build.0 = Debug|Any CPU
		{46E597D7-0961-4B77-8B43-504298C00FFE}.Release|Any CPU.ActiveCfg = Release|Any CPU
		{46E597D7-0961-4B77-8B43-504298C00FFE}.Release|Any CPU.Build.0 = Release|Any CPU
	EndGlobalSection
	GlobalSection(SolutionProperties) = preSolution
		HideSolutionNode = FALSE
	EndGlobalSection
EndGlobal
